
Microsoft Visual Studio Solution File, Format Version 12.00
# Visual Studio Version 16
VisualStudioVersion = 16.0.32929.386
MinimumVisualStudioVersion = 10.0.40219.1
Project("{FAE04EC0-301F-11D3-BF4B-00C04F79EFBC}") = "B360.Notifier.ServiceNowNotification", "B360.Notifier.ServiceNowNotification\B360.Notifier.ServiceNowNotification.csproj", "{F2E21DC0-81D9-4C0C-B756-26EC4EAA1BE4}"
EndProject
Global
	GlobalSection(SolutionConfigurationPlatforms) = preSolution
		Debug|Any CPU = Debug|Any CPU
		Release|Any CPU = Release|Any CPU
	EndGlobalSection
	GlobalSection(ProjectConfigurationPlatforms) = postSolution
		{F2E21DC0-81D9-4C0C-B756-26EC4EAA1BE4}.Debug|Any CPU.ActiveCfg = Debug|Any CPU
		{F2E21DC0-81D9-4C0C-B756-26EC4EAA1BE4}.Debug|Any CPU.Build.0 = Debug|Any CPU
		{F2E21DC0-81D9-4C0C-B756-26EC4EAA1BE4}.Release|Any CPU.ActiveCfg = Release|Any CPU
		{F2E21DC0-81D9-4C0C-B756-26EC4EAA1BE4}.Release|Any CPU.Build.0 = Release|Any CPU
	EndGlobalSection
	GlobalSection(SolutionProperties) = preSolution
		HideSolutionNode = FALSE
	EndGlobalSection
	GlobalSection(ExtensibilityGlobals) = postSolution
		SolutionGuid = {80624EBC-853D-4B42-AAD3-0DD7764D4ACD}
	EndGlobalSection
EndGlobal
